
Microsoft Visual Studio Solution File, Format Version 12.00
# Visual Studio Version 17
VisualStudioVersion = 17.13.35617.110 d17.13
MinimumVisualStudioVersion = 10.0.40219.1
Project("{FAE04EC0-301F-11D3-BF4B-00C04F79EFBC}") = "TechTreasure", "TechTreasure\TechTreasure.csproj", "{87487A3E-6DF4-4DD3-A9E2-CD531957A0A8}"
EndProject
Global
	GlobalSection(SolutionConfigurationPlatforms) = preSolution
		Debug|Any CPU = Debug|Any CPU
		Release|Any CPU = Release|Any CPU
	EndGlobalSection
	GlobalSection(ProjectConfigurationPlatforms) = postSolution
		{87487A3E-6DF4-4DD3-A9E2-CD531957A0A8}.Debug|Any CPU.ActiveCfg = Debug|Any CPU
		{87487A3E-6DF4-4DD3-A9E2-CD531957A0A8}.Debug|Any CPU.Build.0 = Debug|Any CPU
		{87487A3E-6DF4-4DD3-A9E2-CD531957A0A8}.Release|Any CPU.ActiveCfg = Release|Any CPU
		{87487A3E-6DF4-4DD3-A9E2-CD531957A0A8}.Release|Any CPU.Build.0 = Release|Any CPU
	EndGlobalSection
	GlobalSection(SolutionProperties) = preSolution
		HideSolutionNode = FALSE
	EndGlobalSection
	GlobalSection(ExtensibilityGlobals) = postSolution
		SolutionGuid = {C6A8F7D8-9596-4639-8B94-88D6F63AAA85}
	EndGlobalSection
EndGlobal
